
Microsoft Visual Studio Solution File, Format Version 12.00
# Visual Studio Version 16
VisualStudioVersion = 16.0.29519.87
MinimumVisualStudioVersion = 10.0.40219.1
Project("{FAE04EC0-301F-11D3-BF4B-00C04F79EFBC}") = "DapperTest", "DapperTest\DapperTest.csproj", "{5C887637-652C-437B-84F0-4E9543CAFDCF}"
EndProject
Global
	GlobalSection(SolutionConfigurationPlatforms) = preSolution
		Debug|Any CPU = Debug|Any CPU
		Release|Any CPU = Release|Any CPU
	EndGlobalSection
	GlobalSection(ProjectConfigurationPlatforms) = postSolution
		{5C887637-652C-437B-84F0-4E9543CAFDCF}.Debug|Any CPU.ActiveCfg = Debug|Any CPU
		{5C887637-652C-437B-84F0-4E9543CAFDCF}.Debug|Any CPU.Build.0 = Debug|Any CPU
		{5C887637-652C-437B-84F0-4E9543CAFDCF}.Release|Any CPU.ActiveCfg = Release|Any CPU
		{5C887637-652C-437B-84F0-4E9543CAFDCF}.Release|Any CPU.Build.0 = Release|Any CPU
	EndGlobalSection
	GlobalSection(SolutionProperties) = preSolution
		HideSolutionNode = FALSE
	EndGlobalSection
	GlobalSection(ExtensibilityGlobals) = postSolution
		SolutionGuid = {925A107B-78E9-4201-BF82-35A464558730}
	EndGlobalSection
EndGlobal
